
Microsoft Visual Studio Solution File, Format Version 12.00
# Visual Studio Version 16
VisualStudioVersion = 16.0.30907.101
MinimumVisualStudioVersion = 10.0.40219.1
Project("{FAE04EC0-301F-11D3-BF4B-00C04F79EFBC}") = "Snake", "Snake\Snake.csproj", "{55801851-D957-4DA8-ACB6-C2DE317AECAC}"
EndProject
Global
	GlobalSection(SolutionConfigurationPlatforms) = preSolution
		Debug|Any CPU = Debug|Any CPU
		Release|Any CPU = Release|Any CPU
	EndGlobalSection
	GlobalSection(ProjectConfigurationPlatforms) = postSolution
		{55801851-D957-4DA8-ACB6-C2DE317AECAC}.Debug|Any CPU.ActiveCfg = Debug|Any CPU
		{55801851-D957-4DA8-ACB6-C2DE317AECAC}.Debug|Any CPU.Build.0 = Debug|Any CPU
		{55801851-D957-4DA8-ACB6-C2DE317AECAC}.Release|Any CPU.ActiveCfg = Release|Any CPU
		{55801851-D957-4DA8-ACB6-C2DE317AECAC}.Release|Any CPU.Build.0 = Release|Any CPU
	EndGlobalSection
	GlobalSection(SolutionProperties) = preSolution
		HideSolutionNode = FALSE
	EndGlobalSection
	GlobalSection(ExtensibilityGlobals) = postSolution
		SolutionGuid = {C7DC050F-B882-4B88-9E19-144DFF5B04F9}
	EndGlobalSection
EndGlobal
