
Microsoft Visual Studio Solution File, Format Version 12.00
# Visual Studio Version 16
VisualStudioVersion = 16.0.810.20
MinimumVisualStudioVersion = 10.0.40219.1
Project("{FAE04EC0-301F-11D3-BF4B-00C04F79EFBC}") = "The-Snake-Lab", "The-Snake-Lab\The-Snake-Lab.csproj", "{70752BA1-380A-494C-9606-FFE5E0B68C37}"
EndProject
Global
	GlobalSection(SolutionConfigurationPlatforms) = preSolution
		Debug|Any CPU = Debug|Any CPU
		Release|Any CPU = Release|Any CPU
	EndGlobalSection
	GlobalSection(ProjectConfigurationPlatforms) = postSolution
		{70752BA1-380A-494C-9606-FFE5E0B68C37}.Debug|Any CPU.ActiveCfg = Debug|Any CPU
		{70752BA1-380A-494C-9606-FFE5E0B68C37}.Debug|Any CPU.Build.0 = Debug|Any CPU
		{70752BA1-380A-494C-9606-FFE5E0B68C37}.Release|Any CPU.ActiveCfg = Release|Any CPU
		{70752BA1-380A-494C-9606-FFE5E0B68C37}.Release|Any CPU.Build.0 = Release|Any CPU
	EndGlobalSection
	GlobalSection(SolutionProperties) = preSolution
		HideSolutionNode = FALSE
	EndGlobalSection
	GlobalSection(ExtensibilityGlobals) = postSolution
		SolutionGuid = {A4AB3806-EDFF-4D9E-905A-1EA33198273D}
	EndGlobalSection
EndGlobal
