
Microsoft Visual Studio Solution File, Format Version 12.00
# Visual Studio Version 16
VisualStudioVersion = 16.0.810.19
MinimumVisualStudioVersion = 10.0.40219.1
Project("{FAE04EC0-301F-11D3-BF4B-00C04F79EFBC}") = "TicTacToe", "TicTacToe.csproj", "{67F04178-F545-4AEC-952E-2DE3C76DA2EF}"
EndProject
Global
	GlobalSection(SolutionConfigurationPlatforms) = preSolution
		Debug|Any CPU = Debug|Any CPU
		Release|Any CPU = Release|Any CPU
	EndGlobalSection
	GlobalSection(ProjectConfigurationPlatforms) = postSolution
		{67F04178-F545-4AEC-952E-2DE3C76DA2EF}.Debug|Any CPU.ActiveCfg = Debug|Any CPU
		{67F04178-F545-4AEC-952E-2DE3C76DA2EF}.Debug|Any CPU.Build.0 = Debug|Any CPU
		{67F04178-F545-4AEC-952E-2DE3C76DA2EF}.Release|Any CPU.ActiveCfg = Release|Any CPU
		{67F04178-F545-4AEC-952E-2DE3C76DA2EF}.Release|Any CPU.Build.0 = Release|Any CPU
	EndGlobalSection
	GlobalSection(SolutionProperties) = preSolution
		HideSolutionNode = FALSE
	EndGlobalSection
	GlobalSection(ExtensibilityGlobals) = postSolution
		SolutionGuid = {C54915BE-3867-49AC-B743-D5CF769C1D64}
	EndGlobalSection
EndGlobal
